
Microsoft Visual Studio Solution File, Format Version 12.00
# Visual Studio Version 17
VisualStudioVersion = 17.0.32112.339
MinimumVisualStudioVersion = 10.0.40219.1
Project("{9A19103F-16F7-4668-BE54-9A1E7A4F7556}") = "MapMaker", "MapMaker\MapMaker.csproj", "{63D6AF86-7FF2-4BE8-BCFA-0D0E7B7FB800}"
EndProject
Project("{9A19103F-16F7-4668-BE54-9A1E7A4F7556}") = "Actual_Dream_Game", "..\Actual_Dream_Game\Actual_Dream_Game\Actual_Dream_Game.csproj", "{9587A25B-C53D-4020-B2ED-F1CADAA3E753}"
EndProject
Global
	GlobalSection(SolutionConfigurationPlatforms) = preSolution
		Debug|Any CPU = Debug|Any CPU
		Release|Any CPU = Release|Any CPU
	EndGlobalSection
	GlobalSection(ProjectConfigurationPlatforms) = postSolution
		{63D6AF86-7FF2-4BE8-BCFA-0D0E7B7FB800}.Debug|Any CPU.ActiveCfg = Debug|Any CPU
		{63D6AF86-7FF2-4BE8-BCFA-0D0E7B7FB800}.Debug|Any CPU.Build.0 = Debug|Any CPU
		{63D6AF86-7FF2-4BE8-BCFA-0D0E7B7FB800}.Release|Any CPU.ActiveCfg = Release|Any CPU
		{63D6AF86-7FF2-4BE8-BCFA-0D0E7B7FB800}.Release|Any CPU.Build.0 = Release|Any CPU
		{9587A25B-C53D-4020-B2ED-F1CADAA3E753}.Debug|Any CPU.ActiveCfg = Debug|Any CPU
		{9587A25B-C53D-4020-B2ED-F1CADAA3E753}.Debug|Any CPU.Build.0 = Debug|Any CPU
		{9587A25B-C53D-4020-B2ED-F1CADAA3E753}.Release|Any CPU.ActiveCfg = Release|Any CPU
		{9587A25B-C53D-4020-B2ED-F1CADAA3E753}.Release|Any CPU.Build.0 = Release|Any CPU
	EndGlobalSection
	GlobalSection(SolutionProperties) = preSolution
		HideSolutionNode = FALSE
	EndGlobalSection
	GlobalSection(ExtensibilityGlobals) = postSolution
		SolutionGuid = {CEF6B302-20B5-4850-A514-260F07064D5D}
	EndGlobalSection
EndGlobal
